
Microsoft Visual Studio Solution File, Format Version 12.00
# Visual Studio 15
VisualStudioVersion = 15.0.28307.438
MinimumVisualStudioVersion = 10.0.40219.1
Project("{FAE04EC0-301F-11D3-BF4B-00C04F79EFBC}") = "CSharpIntro", "CSharpIntro\CSharpIntro.csproj", "{8F0BDE7A-339C-4C7E-BB07-1E32B6DCFAA9}"
EndProject
Global
	GlobalSection(SolutionConfigurationPlatforms) = preSolution
		Debug|Any CPU = Debug|Any CPU
		Release|Any CPU = Release|Any CPU
	EndGlobalSection
	GlobalSection(ProjectConfigurationPlatforms) = postSolution
		{8F0BDE7A-339C-4C7E-BB07-1E32B6DCFAA9}.Debug|Any CPU.ActiveCfg = Debug|Any CPU
		{8F0BDE7A-339C-4C7E-BB07-1E32B6DCFAA9}.Debug|Any CPU.Build.0 = Debug|Any CPU
		{8F0BDE7A-339C-4C7E-BB07-1E32B6DCFAA9}.Release|Any CPU.ActiveCfg = Release|Any CPU
		{8F0BDE7A-339C-4C7E-BB07-1E32B6DCFAA9}.Release|Any CPU.Build.0 = Release|Any CPU
	EndGlobalSection
	GlobalSection(SolutionProperties) = preSolution
		HideSolutionNode = FALSE
	EndGlobalSection
	GlobalSection(ExtensibilityGlobals) = postSolution
		SolutionGuid = {75162324-B686-4197-8F90-FE6E914924C8}
	EndGlobalSection
EndGlobal
